Microsoft Visual Studio Solution File, Format Version 12.00
# Visual Studio 2012
Project("{FAE04EC0-301F-11D3-BF4B-00C04F79EFBC}") = "Freeze-Thaw", "Freeze-Thaw.csproj", "{40B69FFA-916D-4A05-89CD-E67205493FAC}"
EndProject
Global
	GlobalSection(SolutionConfigurationPlatforms) = preSolution
	Debug|Any CPU = Debug|Any CPU
	ExportDebug|Any CPU = ExportDebug|Any CPU
	ExportRelease|Any CPU = ExportRelease|Any CPU
	EndGlobalSection
	GlobalSection(ProjectConfigurationPlatforms) = postSolution
		{40B69FFA-916D-4A05-89CD-E67205493FAC}.Debug|Any CPU.ActiveCfg = Debug|Any CPU
		{40B69FFA-916D-4A05-89CD-E67205493FAC}.Debug|Any CPU.Build.0 = Debug|Any CPU
		{40B69FFA-916D-4A05-89CD-E67205493FAC}.ExportDebug|Any CPU.ActiveCfg = ExportDebug|Any CPU
		{40B69FFA-916D-4A05-89CD-E67205493FAC}.ExportDebug|Any CPU.Build.0 = ExportDebug|Any CPU
		{40B69FFA-916D-4A05-89CD-E67205493FAC}.ExportRelease|Any CPU.ActiveCfg = ExportRelease|Any CPU
		{40B69FFA-916D-4A05-89CD-E67205493FAC}.ExportRelease|Any CPU.Build.0 = ExportRelease|Any CPU
	EndGlobalSection
EndGlobal
